
Microsoft Visual Studio Solution File, Format Version 12.00
Project("{FAE04EC0-301F-11D3-BF4B-00C04F79EFBC}") = "SCP-575", "SCP-575\SCP-575.csproj", "{1F91DFB4-F72E-4308-98F8-A2444EB7FF95}"
EndProject
Global
	GlobalSection(SolutionConfigurationPlatforms) = preSolution
		Debug|Any CPU = Debug|Any CPU
		Release|Any CPU = Release|Any CPU
	EndGlobalSection
	GlobalSection(ProjectConfigurationPlatforms) = postSolution
		{1F91DFB4-F72E-4308-98F8-A2444EB7FF95}.Debug|Any CPU.ActiveCfg = Debug|Any CPU
		{1F91DFB4-F72E-4308-98F8-A2444EB7FF95}.Debug|Any CPU.Build.0 = Debug|Any CPU
		{1F91DFB4-F72E-4308-98F8-A2444EB7FF95}.Release|Any CPU.ActiveCfg = Release|Any CPU
		{1F91DFB4-F72E-4308-98F8-A2444EB7FF95}.Release|Any CPU.Build.0 = Release|Any CPU
	EndGlobalSection
EndGlobal
